
Microsoft Visual Studio Solution File, Format Version 12.00
# Visual Studio Version 17
VisualStudioVersion = 17.9.34714.143
MinimumVisualStudioVersion = 10.0.40219.1
Project("{9A19103F-16F7-4668-BE54-9A1E7A4F7556}") = "ClassLibrary", "ClassLibrary\ClassLibrary.csproj", "{19346508-2845-4450-A53E-4D0F99E226BF}"
EndProject
Project("{FAE04EC0-301F-11D3-BF4B-00C04F79EFBC}") = "WebApplication1", "WebApplication1\WebApplication1.csproj", "{737F7041-18EF-446D-A84E-62CD042A0839}"
EndProject
Global
	GlobalSection(SolutionConfigurationPlatforms) = preSolution
		Debug|Any CPU = Debug|Any CPU
		Release|Any CPU = Release|Any CPU
	EndGlobalSection
	GlobalSection(ProjectConfigurationPlatforms) = postSolution
		{19346508-2845-4450-A53E-4D0F99E226BF}.Debug|Any CPU.ActiveCfg = Debug|Any CPU
		{19346508-2845-4450-A53E-4D0F99E226BF}.Debug|Any CPU.Build.0 = Debug|Any CPU
		{19346508-2845-4450-A53E-4D0F99E226BF}.Release|Any CPU.ActiveCfg = Release|Any CPU
		{19346508-2845-4450-A53E-4D0F99E226BF}.Release|Any CPU.Build.0 = Release|Any CPU
		{737F7041-18EF-446D-A84E-62CD042A0839}.Debug|Any CPU.ActiveCfg = Debug|Any CPU
		{737F7041-18EF-446D-A84E-62CD042A0839}.Debug|Any CPU.Build.0 = Debug|Any CPU
		{737F7041-18EF-446D-A84E-62CD042A0839}.Release|Any CPU.ActiveCfg = Release|Any CPU
		{737F7041-18EF-446D-A84E-62CD042A0839}.Release|Any CPU.Build.0 = Release|Any CPU
	EndGlobalSection
	GlobalSection(SolutionProperties) = preSolution
		HideSolutionNode = FALSE
	EndGlobalSection
	GlobalSection(ExtensibilityGlobals) = postSolution
		SolutionGuid = {4AFC3695-D3F3-4D48-9065-7EE139B0FD35}
	EndGlobalSection
EndGlobal
